
Microsoft Visual Studio Solution File, Format Version 12.00
# Visual Studio Version 16
VisualStudioVersion = 16.0.30523.141
MinimumVisualStudioVersion = 10.0.40219.1
Project("{9A19103F-16F7-4668-BE54-9A1E7A4F7556}") = "HRMS_WEB", "HRMS_WEB\HRMS_WEB.csproj", "{46FF5F0D-9A1E-46BD-B71D-2A706561F48B}"
EndProject
Global
	GlobalSection(SolutionConfigurationPlatforms) = preSolution
		Debug|Any CPU = Debug|Any CPU
		Release|Any CPU = Release|Any CPU
	EndGlobalSection
	GlobalSection(ProjectConfigurationPlatforms) = postSolution
		{46FF5F0D-9A1E-46BD-B71D-2A706561F48B}.Debug|Any CPU.ActiveCfg = Debug|Any CPU
		{46FF5F0D-9A1E-46BD-B71D-2A706561F48B}.Debug|Any CPU.Build.0 = Debug|Any CPU
		{46FF5F0D-9A1E-46BD-B71D-2A706561F48B}.Release|Any CPU.ActiveCfg = Release|Any CPU
		{46FF5F0D-9A1E-46BD-B71D-2A706561F48B}.Release|Any CPU.Build.0 = Release|Any CPU
	EndGlobalSection
	GlobalSection(SolutionProperties) = preSolution
		HideSolutionNode = FALSE
	EndGlobalSection
	GlobalSection(ExtensibilityGlobals) = postSolution
		SolutionGuid = {6AAA8E07-B77F-46E0-B430-8812B9EA4A7A}
	EndGlobalSection
EndGlobal
